Microsoft Visual Studio Solution File, Format Version 12.00
# Visual Studio Version 18
VisualStudioVersion = 18.2.11415.280 d18.0
MinimumVisualStudioVersion = 10.0.40219.1
Project("{FAE04EC0-301F-11D3-BF4B-00C04F79EFBC}") = "Materal.Utils", "Materal.Utils.csproj", "{A41F878E-EAD5-4878-2475-3C3F6A10F716}"
EndProject
Project("{FAE04EC0-301F-11D3-BF4B-00C04F79EFBC}") = "Materal.Abstractions", "..\..\Materal.Abstractions\Materal.Abstractions\Materal.Abstractions.csproj", "{12B3EB1E-4E14-6008-1C93-E1B3D5756016}"
EndProject
Global
	GlobalSection(SolutionConfigurationPlatforms) = preSolution
		Debug|Any CPU = Debug|Any CPU
		Release|Any CPU = Release|Any CPU
	EndGlobalSection
	GlobalSection(ProjectConfigurationPlatforms) = postSolution
		{A41F878E-EAD5-4878-2475-3C3F6A10F716}.Debug|Any CPU.ActiveCfg = Debug|Any CPU
		{A41F878E-EAD5-4878-2475-3C3F6A10F716}.Debug|Any CPU.Build.0 = Debug|Any CPU
		{A41F878E-EAD5-4878-2475-3C3F6A10F716}.Release|Any CPU.ActiveCfg = Release|Any CPU
		{A41F878E-EAD5-4878-2475-3C3F6A10F716}.Release|Any CPU.Build.0 = Release|Any CPU
		{12B3EB1E-4E14-6008-1C93-E1B3D5756016}.Debug|Any CPU.ActiveCfg = Debug|Any CPU
		{12B3EB1E-4E14-6008-1C93-E1B3D5756016}.Debug|Any CPU.Build.0 = Debug|Any CPU
		{12B3EB1E-4E14-6008-1C93-E1B3D5756016}.Release|Any CPU.ActiveCfg = Release|Any CPU
		{12B3EB1E-4E14-6008-1C93-E1B3D5756016}.Release|Any CPU.Build.0 = Release|Any CPU
	EndGlobalSection
	GlobalSection(SolutionProperties) = preSolution
		HideSolutionNode = FALSE
	EndGlobalSection
	GlobalSection(ExtensibilityGlobals) = postSolution
		SolutionGuid = {E7D197F1-E5F9-4E21-B7D2-201E8EA6D5B4}
	EndGlobalSection
EndGlobal
